
Microsoft Visual Studio Solution File, Format Version 12.00
# Visual Studio Version 17
VisualStudioVersion = 17.8.34408.163
MinimumVisualStudioVersion = 10.0.40219.1
Project("{FAE04EC0-301F-11D3-BF4B-00C04F79EFBC}") = "Mission_Five_LGordon", "Mission_Five_LGordon\Mission_Five_LGordon.csproj", "{A2D4ECC9-E795-47C5-A38A-D9910E23B464}"
EndProject
Global
	GlobalSection(SolutionConfigurationPlatforms) = preSolution
		Debug|Any CPU = Debug|Any CPU
		Release|Any CPU = Release|Any CPU
	EndGlobalSection
	GlobalSection(ProjectConfigurationPlatforms) = postSolution
		{A2D4ECC9-E795-47C5-A38A-D9910E23B464}.Debug|Any CPU.ActiveCfg = Debug|Any CPU
		{A2D4ECC9-E795-47C5-A38A-D9910E23B464}.Debug|Any CPU.Build.0 = Debug|Any CPU
		{A2D4ECC9-E795-47C5-A38A-D9910E23B464}.Release|Any CPU.ActiveCfg = Release|Any CPU
		{A2D4ECC9-E795-47C5-A38A-D9910E23B464}.Release|Any CPU.Build.0 = Release|Any CPU
	EndGlobalSection
	GlobalSection(SolutionProperties) = preSolution
		HideSolutionNode = FALSE
	EndGlobalSection
	GlobalSection(ExtensibilityGlobals) = postSolution
		SolutionGuid = {18C16C32-EA19-4340-BCC0-ADB33858FF17}
	EndGlobalSection
EndGlobal
